// !$*UTF8*$!
{
	archiveVersion = 1;
	classes = {
	};
	objectVersion = 56;
	objects = {

/* Begin PBXBuildFile section */
		3208333F2A98989600008EE4 /* AppDelegate.swift in Sources */ = {isa = PBXBuildFile; fileRef = 3208333E2A98989600008EE4 /* AppDelegate.swift */; };
		320833412A98989600008EE4 /* SceneDelegate.swift in Sources */ = {isa = PBXBuildFile; fileRef = 320833402A98989600008EE4 /* SceneDelegate.swift */; };
		320833432A98989600008EE4 /* ViewController.swift in Sources */ = {isa = PBXBuildFile; fileRef = 320833422A98989600008EE4 /* ViewController.swift */; };
		320833482A98989700008EE4 /* Assets.xcassets in Resources */ = {isa = PBXBuildFile; fileRef = 320833472A98989700008EE4 /* Assets.xcassets */; };
		3208334B2A98989700008EE4 /* LaunchScreen.storyboard in Resources */ = {isa = PBXBuildFile; fileRef = 320833492A98989700008EE4 /* LaunchScreen.storyboard */; };
		320833532A989EFE00008EE4 /* CustomCell.swift in Sources */ = {isa = PBXBuildFile; fileRef = 320833522A989EFE00008EE4 /* CustomCell.swift */; };
		320833552A98A33000008EE4 /* DetailsViewController.swift in Sources */ = {isa = PBXBuildFile; fileRef = 320833542A98A33000008EE4 /* DetailsViewController.swift */; };
		320833572A98AD5B00008EE4 /* ItemDetailCardModel.swift in Sources */ = {isa = PBXBuildFile; fileRef = 320833562A98AD5B00008EE4 /* ItemDetailCardModel.swift */; };
		320833592A98AE2900008EE4 /* ItemMenuCardModel.swift in Sources */ = {isa = PBXBuildFile; fileRef = 320833582A98AE2900008EE4 /* ItemMenuCardModel.swift */; };
		3208335B2A98AE5900008EE4 /* LoadData.swift in Sources */ = {isa = PBXBuildFile; fileRef = 3208335A2A98AE5900008EE4 /* LoadData.swift */; };
		320833612A98C34D00008EE4 /* Main.storyboard in Resources */ = {isa = PBXBuildFile; fileRef = 320833602A98C34D00008EE4 /* Main.storyboard */; };
		324A90B52A9C979000A783DE /* StateEnum.swift in Sources */ = {isa = PBXBuildFile; fileRef = 324A90B42A9C979000A783DE /* StateEnum.swift */; };
		328AD94C2A9B725600A15B2A /* ImageLoader.swift in Sources */ = {isa = PBXBuildFile; fileRef = 328AD94B2A9B725600A15B2A /* ImageLoader.swift */; };
/* End PBXBuildFile section */

/* Begin PBXFileReference section */
		3208333B2A98989600008EE4 /* Avito.app */ = {isa = PBXFileReference; explicitFileType = wrapper.application; includeInIndex = 0; path = Avito.app; sourceTree = BUILT_PRODUCTS_DIR; };
		3208333E2A98989600008EE4 /* AppDelegate.swift */ = {isa = PBXFileReference; lastKnownFileType = sourcecode.swift; path = AppDelegate.swift; sourceTree = "<group>"; };
		320833402A98989600008EE4 /* SceneDelegate.swift */ = {isa = PBXFileReference; lastKnownFileType = sourcecode.swift; path = SceneDelegate.swift; sourceTree = "<group>"; };
		320833422A98989600008EE4 /* ViewController.swift */ = {isa = PBXFileReference; lastKnownFileType = sourcecode.swift; path = ViewController.swift; sourceTree = "<group>"; };
		320833472A98989700008EE4 /* Assets.xcassets */ = {isa = PBXFileReference; lastKnownFileType = folder.assetcatalog; path = Assets.xcassets; sourceTree = "<group>"; };
		3208334A2A98989700008EE4 /* Base */ = {isa = PBXFileReference; lastKnownFileType = file.storyboard; name = Base; path = Base.lproj/LaunchScreen.storyboard; sourceTree = "<group>"; };
		3208334C2A98989700008EE4 /* Info.plist */ = {isa = PBXFileReference; lastKnownFileType = text.plist.xml; path = Info.plist; sourceTree = "<group>"; };
		320833522A989EFE00008EE4 /* CustomCell.swift */ = {isa = PBXFileReference; lastKnownFileType = sourcecode.swift; path = CustomCell.swift; sourceTree = "<group>"; };
		320833542A98A33000008EE4 /* DetailsViewController.swift */ = {isa = PBXFileReference; lastKnownFileType = sourcecode.swift; path = DetailsViewController.swift; sourceTree = "<group>"; };
		320833562A98AD5B00008EE4 /* ItemDetailCardModel.swift */ = {isa = PBXFileReference; lastKnownFileType = sourcecode.swift; path = ItemDetailCardModel.swift; sourceTree = "<group>"; };
		320833582A98AE2900008EE4 /* ItemMenuCardModel.swift */ = {isa = PBXFileReference; lastKnownFileType = sourcecode.swift; path = ItemMenuCardModel.swift; sourceTree = "<group>"; };
		3208335A2A98AE5900008EE4 /* LoadData.swift */ = {isa = PBXFileReference; lastKnownFileType = sourcecode.swift; path = LoadData.swift; sourceTree = "<group>"; };
		320833602A98C34D00008EE4 /* Main.storyboard */ = {isa = PBXFileReference; fileEncoding = 4; lastKnownFileType = file.storyboard; name = Main.storyboard; path = ../../../../.Trash/Main.storyboard; sourceTree = "<group>"; };
		324A90B42A9C979000A783DE /* StateEnum.swift */ = {isa = PBXFileReference; lastKnownFileType = sourcecode.swift; path = StateEnum.swift; sourceTree = "<group>"; };
		324A90B72A9C9A6000A783DE /* Main.storyboard */ = {isa = PBXFileReference; lastKnownFileType = file.storyboard; path = Main.storyboard; sourceTree = "<group>"; };
		328AD94B2A9B725600A15B2A /* ImageLoader.swift */ = {isa = PBXFileReference; lastKnownFileType = sourcecode.swift; path = ImageLoader.swift; sourceTree = "<group>"; };
/* End PBXFileReference section */

/* Begin PBXFrameworksBuildPhase section */
		320833382A98989600008EE4 /* Frameworks */ = {
			isa = PBXFrameworksBuildPhase;
			buildActionMask = 2147483647;
			files = (
			);
			runOnlyForDeploymentPostprocessing = 0;
		};
/* End PBXFrameworksBuildPhase section */

/* Begin PBXGroup section */
		320833322A98989600008EE4 = {
			isa = PBXGroup;
			children = (
				3208333D2A98989600008EE4 /* Avito */,
				3208333C2A98989600008EE4 /* Products */,
			);
			sourceTree = "<group>";
		};
		3208333C2A98989600008EE4 /* Products */ = {
			isa = PBXGroup;
			children = (
				3208333B2A98989600008EE4 /* Avito.app */,
			);
			name = Products;
			sourceTree = "<group>";
		};
		3208333D2A98989600008EE4 /* Avito */ = {
			isa = PBXGroup;
			children = (
				324A90B62A9C9A4D00A783DE /* Helpers */,
				3208335D2A98B20B00008EE4 /* View */,
				3208335C2A98B1E300008EE4 /* Models */,
				320833602A98C34D00008EE4 /* Main.storyboard */,
				3208334C2A98989700008EE4 /* Info.plist */,
			);
			path = Avito;
			sourceTree = "<group>";
		};
		3208335C2A98B1E300008EE4 /* Models */ = {
			isa = PBXGroup;
			children = (
				320833562A98AD5B00008EE4 /* ItemDetailCardModel.swift */,
				320833582A98AE2900008EE4 /* ItemMenuCardModel.swift */,
				3208335A2A98AE5900008EE4 /* LoadData.swift */,
				328AD94B2A9B725600A15B2A /* ImageLoader.swift */,
				324A90B42A9C979000A783DE /* StateEnum.swift */,
			);
			path = Models;
			sourceTree = "<group>";
		};
		3208335D2A98B20B00008EE4 /* View */ = {
			isa = PBXGroup;
			children = (
				320833422A98989600008EE4 /* ViewController.swift */,
				320833542A98A33000008EE4 /* DetailsViewController.swift */,
				320833522A989EFE00008EE4 /* CustomCell.swift */,
			);
			path = View;
			sourceTree = "<group>";
		};
		324A90B62A9C9A4D00A783DE /* Helpers */ = {
			isa = PBXGroup;
			children = (
				3208333E2A98989600008EE4 /* AppDelegate.swift */,
				320833402A98989600008EE4 /* SceneDelegate.swift */,
				320833472A98989700008EE4 /* Assets.xcassets */,
				320833492A98989700008EE4 /* LaunchScreen.storyboard */,
				324A90B72A9C9A6000A783DE /* Main.storyboard */,
			);
			path = Helpers;
			sourceTree = "<group>";
		};
/* End PBXGroup section */

/* Begin PBXNativeTarget section */
		3208333A2A98989600008EE4 /* Avito */ = {
			isa = PBXNativeTarget;
			buildConfigurationList = 3208334F2A98989700008EE4 /* Build configuration list for PBXNativeTarget "Avito" */;
			buildPhases = (
				320833372A98989600008EE4 /* Sources */,
				320833382A98989600008EE4 /* Frameworks */,
				320833392A98989600008EE4 /* Resources */,
			);
			buildRules = (
			);
			dependencies = (
			);
			name = Avito;
			productName = Avito;
			productReference = 3208333B2A98989600008EE4 /* Avito.app */;
			productType = "com.apple.product-type.application";
		};
/* End PBXNativeTarget section */

/* Begin PBXProject section */
		320833332A98989600008EE4 /* Project object */ = {
			isa = PBXProject;
			attributes = {
				BuildIndependentTargetsInParallel = 1;
				LastSwiftUpdateCheck = 1430;
				LastUpgradeCheck = 1430;
				TargetAttributes = {
					3208333A2A98989600008EE4 = {
						CreatedOnToolsVersion = 14.3.1;
					};
				};
			};
			buildConfigurationList = 320833362A98989600008EE4 /* Build configuration list for PBXProject "Avito" */;
			compatibilityVersion = "Xcode 14.0";
			developmentRegion = en;
			hasScannedForEncodings = 0;
			knownRegions = (
				en,
				Base,
			);
			mainGroup = 320833322A98989600008EE4;
			productRefGroup = 3208333C2A98989600008EE4 /* Products */;
			projectDirPath = "";
			projectRoot = "";
			targets = (
				3208333A2A98989600008EE4 /* Avito */,
			);
		};
/* End PBXProject section */

/* Begin PBXResourcesBuildPhase section */
		320833392A98989600008EE4 /* Resources */ = {
			isa = PBXResourcesBuildPhase;
			buildActionMask = 2147483647;
			files = (
				320833612A98C34D00008EE4 /* Main.storyboard in Resources */,
				3208334B2A98989700008EE4 /* LaunchScreen.storyboard in Resources */,
				320833482A98989700008EE4 /* Assets.xcassets in Resources */,
			);
			runOnlyForDeploymentPostprocessing = 0;
		};
/* End PBXResourcesBuildPhase section */

/* Begin PBXSourcesBuildPhase section */
		320833372A98989600008EE4 /* Sources */ = {
			isa = PBXSourcesBuildPhase;
			buildActionMask = 2147483647;
			files = (
				320833572A98AD5B00008EE4 /* ItemDetailCardModel.swift in Sources */,
				324A90B52A9C979000A783DE /* StateEnum.swift in Sources */,
				320833432A98989600008EE4 /* ViewController.swift in Sources */,
				3208333F2A98989600008EE4 /* AppDelegate.swift in Sources */,
				3208335B2A98AE5900008EE4 /* LoadData.swift in Sources */,
				320833412A98989600008EE4 /* SceneDelegate.swift in Sources */,
				328AD94C2A9B725600A15B2A /* ImageLoader.swift in Sources */,
				320833592A98AE2900008EE4 /* ItemMenuCardModel.swift in Sources */,
				320833532A989EFE00008EE4 /* CustomCell.swift in Sources */,
				320833552A98A33000008EE4 /* DetailsViewController.swift in Sources */,
			);
			runOnlyForDeploymentPostprocessing = 0;
		};
/* End PBXSourcesBuildPhase section */

/* Begin PBXVariantGroup section */
		320833492A98989700008EE4 /* LaunchScreen.storyboard */ = {
			isa = PBXVariantGroup;
			children = (
				3208334A2A98989700008EE4 /* Base */,
			);
			name = LaunchScreen.storyboard;
			sourceTree = "<group>";
		};
/* End PBXVariantGroup section */

/* Begin XCBuildConfiguration section */
		3208334D2A98989700008EE4 /* Debug */ = {
			isa = XCBuildConfiguration;
			buildSettings = {
				ALWAYS_SEARCH_USER_PATHS = NO;
				CLANG_ANALYZER_NONNULL = YES;
				CLANG_ANALYZER_NUMBER_OBJECT_CONVERSION = YES_AGGRESSIVE;
				CLANG_CXX_LANGUAGE_STANDARD = "gnu++20";
				CLANG_ENABLE_MODULES = YES;
				CLANG_ENABLE_OBJC_ARC = YES;
				CLANG_ENABLE_OBJC_WEAK = YES;
				CLANG_WARN_BLOCK_CAPTURE_AUTORELEASING = YES;
				CLANG_WARN_BOOL_CONVERSION = YES;
				CLANG_WARN_COMMA = YES;
				CLANG_WARN_CONSTANT_CONVERSION = YES;
				CLANG_WARN_DEPRECATED_OBJC_IMPLEMENTATIONS = YES;
				CLANG_WARN_DIRECT_OBJC_ISA_USAGE = YES_ERROR;
				CLANG_WARN_DOCUMENTATION_COMMENTS = YES;
				CLANG_WARN_EMPTY_BODY = YES;
				CLANG_WARN_ENUM_CONVERSION = YES;
				CLANG_WARN_INFINITE_RECURSION = YES;
				CLANG_WARN_INT_CONVERSION = YES;
				CLANG_WARN_NON_LITERAL_NULL_CONVERSION = YES;
				CLANG_WARN_OBJC_IMPLICIT_RETAIN_SELF = YES;
				CLANG_WARN_OBJC_LITERAL_CONVERSION = YES;
				CLANG_WARN_OBJC_ROOT_CLASS = YES_ERROR;
				CLANG_WARN_QUOTED_INCLUDE_IN_FRAMEWORK_HEADER = YES;
				CLANG_WARN_RANGE_LOOP_ANALYSIS = YES;
				CLANG_WARN_STRICT_PROTOTYPES = YES;
				CLANG_WARN_SUSPICIOUS_MOVE = YES;
				CLANG_WARN_UNGUARDED_AVAILABILITY = YES_AGGRESSIVE;
				CLANG_WARN_UNREACHABLE_CODE = YES;
				CLANG_WARN__DUPLICATE_METHOD_MATCH = YES;
				COPY_PHASE_STRIP = NO;
				DEBUG_INFORMATION_FORMAT = dwarf;
				ENABLE_STRICT_OBJC_MSGSEND = YES;
				ENABLE_TESTABILITY = YES;
				GCC_C_LANGUAGE_STANDARD = gnu11;
				GCC_DYNAMIC_NO_PIC = NO;
				GCC_NO_COMMON_BLOCKS = YES;
				GCC_OPTIMIZATION_LEVEL = 0;
				GCC_PREPROCESSOR_DEFINITIONS = (
					"DEBUG=1",
					"$(inherited)",
				);
				GCC_WARN_64_TO_32_BIT_CONVERSION = YES;
				GCC_WARN_ABOUT_RETURN_TYPE = YES_ERROR;
				GCC_WARN_UNDECLARED_SELECTOR = YES;
				GCC_WARN_UNINITIALIZED_AUTOS = YES_AGGRESSIVE;
				GCC_WARN_UNUSED_FUNCTION = YES;
				GCC_WARN_UNUSED_VARIABLE = YES;
				IPHONEOS_DEPLOYMENT_TARGET = 16.4;
				MTL_ENABLE_DEBUG_INFO = INCLUDE_SOURCE;
				MTL_FAST_MATH = YES;
				ONLY_ACTIVE_ARCH = YES;
				SDKROOT = iphoneos;
				SWIFT_ACTIVE_COMPILATION_CONDITIONS = DEBUG;
				SWIFT_OPTIMIZATION_LEVEL = "-Onone";
			};
			name = Debug;
		};
		3208334E2A98989700008EE4 /* Release */ = {
			isa = XCBuildConfiguration;
			buildSettings = {
				ALWAYS_SEARCH_USER_PATHS = NO;
				CLANG_ANALYZER_NONNULL = YES;
				CLANG_ANALYZER_NUMBER_OBJECT_CONVERSION = YES_AGGRESSIVE;
				CLANG_CXX_LANGUAGE_STANDARD = "gnu++20";
				CLANG_ENABLE_MODULES = YES;
				CLANG_ENABLE_OBJC_ARC = YES;
				CLANG_ENABLE_OBJC_WEAK = YES;
				CLANG_WARN_BLOCK_CAPTURE_AUTORELEASING = YES;
				CLANG_WARN_BOOL_CONVERSION = YES;
				CLANG_WARN_COMMA = YES;
				CLANG_WARN_CONSTANT_CONVERSION = YES;
				CLANG_WARN_DEPRECATED_OBJC_IMPLEMENTATIONS = YES;
				CLANG_WARN_DIRECT_OBJC_ISA_USAGE = YES_ERROR;
				CLANG_WARN_DOCUMENTATION_COMMENTS = YES;
				CLANG_WARN_EMPTY_BODY = YES;
				CLANG_WARN_ENUM_CONVERSION = YES;
				CLANG_WARN_INFINITE_RECURSION = YES;
				CLANG_WARN_INT_CONVERSION = YES;
				CLANG_WARN_NON_LITERAL_NULL_CONVERSION = YES;
				CLANG_WARN_OBJC_IMPLICIT_RETAIN_SELF = YES;
				CLANG_WARN_OBJC_LITERAL_CONVERSION = YES;
				CLANG_WARN_OBJC_ROOT_CLASS = YES_ERROR;
				CLANG_WARN_QUOTED_INCLUDE_IN_FRAMEWORK_HEADER = YES;
				CLANG_WARN_RANGE_LOOP_ANALYSIS = YES;
				CLANG_WARN_STRICT_PROTOTYPES = YES;
				CLANG_WARN_SUSPICIOUS_MOVE = YES;
				CLANG_WARN_UNGUARDED_AVAILABILITY = YES_AGGRESSIVE;
				CLANG_WARN_UNREACHABLE_CODE = YES;
				CLANG_WARN__DUPLICATE_METHOD_MATCH = YES;
				COPY_PHASE_STRIP = NO;
				DEBUG_INFORMATION_FORMAT = "dwarf-with-dsym";
				ENABLE_NS_ASSERTIONS = NO;
				ENABLE_STRICT_OBJC_MSGSEND = YES;
				GCC_C_LANGUAGE_STANDARD = gnu11;
				GCC_NO_COMMON_BLOCKS = YES;
				GCC_WARN_64_TO_32_BIT_CONVERSION = YES;
				GCC_WARN_ABOUT_RETURN_TYPE = YES_ERROR;
				GCC_WARN_UNDECLARED_SELECTOR = YES;
				GCC_WARN_UNINITIALIZED_AUTOS = YES_AGGRESSIVE;
				GCC_WARN_UNUSED_FUNCTION = YES;
				GCC_WARN_UNUSED_VARIABLE = YES;
				IPHONEOS_DEPLOYMENT_TARGET = 16.4;
				MTL_ENABLE_DEBUG_INFO = NO;
				MTL_FAST_MATH = YES;
				SDKROOT = iphoneos;
				SWIFT_COMPILATION_MODE = wholemodule;
				SWIFT_OPTIMIZATION_LEVEL = "-O";
				VALIDATE_PRODUCT = YES;
			};
			name = Release;
		};
		320833502A98989700008EE4 /* Debug */ = {
			isa = XCBuildConfiguration;
			buildSettings = {
				ASSETCATALOG_COMPILER_APPICON_NAME = AppIcon;
				ASSETCATALOG_COMPILER_GLOBAL_ACCENT_COLOR_NAME = AccentColor;
				CODE_SIGN_STYLE = Automatic;
				CURRENT_PROJECT_VERSION = 1;
				DEVELOPMENT_TEAM = Q7HLS9L7NM;
				GENERATE_INFOPLIST_FILE = YES;
				INFOPLIST_FILE = Avito/Info.plist;
				INFOPLIST_KEY_UIApplicationSupportsIndirectInputEvents = YES;
				INFOPLIST_KEY_UILaunchStoryboardName = LaunchScreen;
				INFOPLIST_KEY_UIMainStoryboardFile = Main;
				INFOPLIST_KEY_UISupportedInterfaceOrientations_iPad = "UIInterfaceOrientationPortrait UIInterfaceOrientationPortraitUpsideDown UIInterfaceOrientationLandscapeLeft UIInterfaceOrientationLandscapeRight";
				INFOPLIST_KEY_UISupportedInterfaceOrientations_iPhone = "UIInterfaceOrientationPortrait UIInterfaceOrientationLandscapeLeft UIInterfaceOrientationLandscapeRight";
				LD_RUNPATH_SEARCH_PATHS = (
					"$(inherited)",
					"@executable_path/Frameworks",
				);
				MARKETING_VERSION = 1.0;
				PRODUCT_BUNDLE_IDENTIFIER = com.gadji.Avito;
				PRODUCT_NAME = "$(TARGET_NAME)";
				SUPPORTED_PLATFORMS = "iphoneos iphonesimulator";
				SUPPORTS_MACCATALYST = NO;
				SUPPORTS_MAC_DESIGNED_FOR_IPHONE_IPAD = NO;
				SWIFT_EMIT_LOC_STRINGS = YES;
				SWIFT_VERSION = 5.0;
				TARGETED_DEVICE_FAMILY = 1;
			};
			name = Debug;
		};
		320833512A98989700008EE4 /* Release */ = {
			isa = XCBuildConfiguration;
			buildSettings = {
				ASSETCATALOG_COMPILER_APPICON_NAME = AppIcon;
				ASSETCATALOG_COMPILER_GLOBAL_ACCENT_COLOR_NAME = AccentColor;
				CODE_SIGN_STYLE = Automatic;
				CURRENT_PROJECT_VERSION = 1;
				DEVELOPMENT_TEAM = Q7HLS9L7NM;
				GENERATE_INFOPLIST_FILE = YES;
				INFOPLIST_FILE = Avito/Info.plist;
				INFOPLIST_KEY_UIApplicationSupportsIndirectInputEvents = YES;
				INFOPLIST_KEY_UILaunchStoryboardName = LaunchScreen;
				INFOPLIST_KEY_UIMainStoryboardFile = Main;
				INFOPLIST_KEY_UISupportedInterfaceOrientations_iPad = "UIInterfaceOrientationPortrait UIInterfaceOrientationPortraitUpsideDown UIInterfaceOrientationLandscapeLeft UIInterfaceOrientationLandscapeRight";
				INFOPLIST_KEY_UISupportedInterfaceOrientations_iPhone = "UIInterfaceOrientationPortrait UIInterfaceOrientationLandscapeLeft UIInterfaceOrientationLandscapeRight";
				LD_RUNPATH_SEARCH_PATHS = (
					"$(inherited)",
					"@executable_path/Frameworks",
				);
				MARKETING_VERSION = 1.0;
				PRODUCT_BUNDLE_IDENTIFIER = com.gadji.Avito;
				PRODUCT_NAME = "$(TARGET_NAME)";
				SUPPORTED_PLATFORMS = "iphoneos iphonesimulator";
				SUPPORTS_MACCATALYST = NO;
				SUPPORTS_MAC_DESIGNED_FOR_IPHONE_IPAD = NO;
				SWIFT_EMIT_LOC_STRINGS = YES;
				SWIFT_VERSION = 5.0;
				TARGETED_DEVICE_FAMILY = 1;
			};
			name = Release;
		};
/* End XCBuildConfiguration section */

/* Begin XCConfigurationList section */
		320833362A98989600008EE4 /* Build configuration list for PBXProject "Avito" */ = {
			isa = XCConfigurationList;
			buildConfigurations = (
				3208334D2A98989700008EE4 /* Debug */,
				3208334E2A98989700008EE4 /* Release */,
			);
			defaultConfigurationIsVisible = 0;
			defaultConfigurationName = Release;
		};
		3208334F2A98989700008EE4 /* Build configuration list for PBXNativeTarget "Avito" */ = {
			isa = XCConfigurationList;
			buildConfigurations = (
				320833502A98989700008EE4 /* Debug */,
				320833512A98989700008EE4 /* Release */,
			);
			defaultConfigurationIsVisible = 0;
			defaultConfigurationName = Release;
		};
/* End XCConfigurationList section */
	};
	rootObject = 320833332A98989600008EE4 /* Project object */;
}
